// !$*UTF8*$!
{
	archiveVersion = 1;
	classes = {
	};
	objectVersion = 46;
	objects = {

/* Begin PBXBuildFile section */
		7A73C95C1C083B83002DAA4D /* main.m in Sources */ = {isa = PBXBuildFile; fileRef = 7A73C95B1C083B83002DAA4D /* main.m */; };
		7A73C95F1C083B83002DAA4D /* AppDelegate.m in Sources */ = {isa = PBXBuildFile; fileRef = 7A73C95E1C083B83002DAA4D /* AppDelegate.m */; };
		7A73C9621C083B83002DAA4D /* ViewController.m in Sources */ = {isa = PBXBuildFile; fileRef = 7A73C9611C083B83002DAA4D /* ViewController.m */; };
		7A73C9651C083B83002DAA4D /* Main.storyboard in Resources */ = {isa = PBXBuildFile; fileRef = 7A73C9631C083B83002DAA4D /* Main.storyboard */; };
		7A73C9671C083B83002DAA4D /* Assets.xcassets in Resources */ = {isa = PBXBuildFile; fileRef = 7A73C9661C083B83002DAA4D /* Assets.xcassets */; };
		7A73C96A1C083B83002DAA4D /* LaunchScreen.storyboard in Resources */ = {isa = PBXBuildFile; fileRef = 7A73C9681C083B83002DAA4D /* LaunchScreen.storyboard */; };
/* End PBXBuildFile section */

/* Begin PBXFileReference section */
		7A73C9571C083B83002DAA4D /* InstantCare.app */ = {isa = PBXFileReference; explicitFileType = wrapper.application; includeInIndex = 0; path = InstantCare.app; sourceTree = BUILT_PRODUCTS_DIR; };
		7A73C95B1C083B83002DAA4D /* main.m */ = {isa = PBXFileReference; lastKnownFileType = sourcecode.c.objc; path = main.m; sourceTree = "<group>"; };
		7A73C95D1C083B83002DAA4D /* AppDelegate.h */ = {isa = PBXFileReference; lastKnownFileType = sourcecode.c.h; path = AppDelegate.h; sourceTree = "<group>"; };
		7A73C95E1C083B83002DAA4D /* AppDelegate.m */ = {isa = PBXFileReference; lastKnownFileType = sourcecode.c.objc; path = AppDelegate.m; sourceTree = "<group>"; };
		7A73C9601C083B83002DAA4D /* ViewController.h */ = {isa = PBXFileReference; lastKnownFileType = sourcecode.c.h; path = ViewController.h; sourceTree = "<group>"; };
		7A73C9611C083B83002DAA4D /* ViewController.m */ = {isa = PBXFileReference; lastKnownFileType = sourcecode.c.objc; path = ViewController.m; sourceTree = "<group>"; };
		7A73C9641C083B83002DAA4D /* Base */ = {isa = PBXFileReference; lastKnownFileType = file.storyboard; name = Base; path = Base.lproj/Main.storyboard; sourceTree = "<group>"; };
		7A73C9661C083B83002DAA4D /* Assets.xcassets */ = {isa = PBXFileReference; lastKnownFileType = folder.assetcatalog; path = Assets.xcassets; sourceTree = "<group>"; };
		7A73C9691C083B83002DAA4D /* Base */ = {isa = PBXFileReference; lastKnownFileType = file.storyboard; name = Base; path = Base.lproj/LaunchScreen.storyboard; sourceTree = "<group>"; };
		7A73C96B1C083B83002DAA4D /* Info.plist */ = {isa = PBXFileReference; lastKnownFileType = text.plist.xml; path = Info.plist; sourceTree = "<group>"; };
/* End PBXFileReference section */

/* Begin PBXFrameworksBuildPhase section */
		7A73C9541C083B83002DAA4D /* Frameworks */ = {
			isa = PBXFrameworksBuildPhase;
			buildActionMask = 2147483647;
			files = (
			);
			runOnlyForDeploymentPostprocessing = 0;
		};
/* End PBXFrameworksBuildPhase section */

/* Begin PBXGroup section */
		7A73C94E1C083B83002DAA4D = {
			isa = PBXGroup;
			children = (
				7A73C9591C083B83002DAA4D /* InstantCare */,
				7A73C9581C083B83002DAA4D /* Products */,
			);
			sourceTree = "<group>";
		};
		7A73C9581C083B83002DAA4D /* Products */ = {
			isa = PBXGroup;
			children = (
				7A73C9571C083B83002DAA4D /* InstantCare.app */,
			);
			name = Products;
			sourceTree = "<group>";
		};
		7A73C9591C083B83002DAA4D /* InstantCare */ = {
			isa = PBXGroup;
			children = (
				7A73C95D1C083B83002DAA4D /* AppDelegate.h */,
				7A73C95E1C083B83002DAA4D /* AppDelegate.m */,
				7A73C9601C083B83002DAA4D /* ViewController.h */,
				7A73C9611C083B83002DAA4D /* ViewController.m */,
				7A73C9631C083B83002DAA4D /* Main.storyboard */,
				7A73C9661C083B83002DAA4D /* Assets.xcassets */,
				7A73C9681C083B83002DAA4D /* LaunchScreen.storyboard */,
				7A73C96B1C083B83002DAA4D /* Info.plist */,
				7A73C95A1C083B83002DAA4D /* Supporting Files */,
			);
			path = InstantCare;
			sourceTree = "<group>";
		};
		7A73C95A1C083B83002DAA4D /* Supporting Files */ = {
			isa = PBXGroup;
			children = (
				7A73C95B1C083B83002DAA4D /* main.m */,
			);
			name = "Supporting Files";
			sourceTree = "<group>";
		};
/* End PBXGroup section */

/* Begin PBXNativeTarget section */
		7A73C9561C083B83002DAA4D /* InstantCare */ = {
			isa = PBXNativeTarget;
			buildConfigurationList = 7A73C96E1C083B83002DAA4D /* Build configuration list for PBXNativeTarget "InstantCare" */;
			buildPhases = (
				7A73C9531C083B83002DAA4D /* Sources */,
				7A73C9541C083B83002DAA4D /* Frameworks */,
				7A73C9551C083B83002DAA4D /* Resources */,
			);
			buildRules = (
			);
			dependencies = (
			);
			name = InstantCare;
			productName = InstantCare;
			productReference = 7A73C9571C083B83002DAA4D /* InstantCare.app */;
			productType = "com.apple.product-type.application";
		};
/* End PBXNativeTarget section */

/* Begin PBXProject section */
		7A73C94F1C083B83002DAA4D /* Project object */ = {
			isa = PBXProject;
			attributes = {
				LastUpgradeCheck = 0710;
				ORGANIZATIONNAME = omg;
				TargetAttributes = {
					7A73C9561C083B83002DAA4D = {
						CreatedOnToolsVersion = 7.1.1;
					};
				};
			};
			buildConfigurationList = 7A73C9521C083B83002DAA4D /* Build configuration list for PBXProject "InstantCare" */;
			compatibilityVersion = "Xcode 3.2";
			developmentRegion = English;
			hasScannedForEncodings = 0;
			knownRegions = (
				en,
				Base,
			);
			mainGroup = 7A73C94E1C083B83002DAA4D;
			productRefGroup = 7A73C9581C083B83002DAA4D /* Products */;
			projectDirPath = "";
			projectRoot = "";
			targets = (
				7A73C9561C083B83002DAA4D /* InstantCare */,
			);
		};
/* End PBXProject section */

/* Begin PBXResourcesBuildPhase section */
		7A73C9551C083B83002DAA4D /* Resources */ = {
			isa = PBXResourcesBuildPhase;
			buildActionMask = 2147483647;
			files = (
				7A73C96A1C083B83002DAA4D /* LaunchScreen.storyboard in Resources */,
				7A73C9671C083B83002DAA4D /* Assets.xcassets in Resources */,
				7A73C9651C083B83002DAA4D /* Main.storyboard in Resources */,
			);
			runOnlyForDeploymentPostprocessing = 0;
		};
/* End PBXResourcesBuildPhase section */

/* Begin PBXSourcesBuildPhase section */
		7A73C9531C083B83002DAA4D /* Sources */ = {
			isa = PBXSourcesBuildPhase;
			buildActionMask = 2147483647;
			files = (
				7A73C9621C083B83002DAA4D /* ViewController.m in Sources */,
				7A73C95F1C083B83002DAA4D /* AppDelegate.m in Sources */,
				7A73C95C1C083B83002DAA4D /* main.m in Sources */,
			);
			runOnlyForDeploymentPostprocessing = 0;
		};
/* End PBXSourcesBuildPhase section */

/* Begin PBXVariantGroup section */
		7A73C9631C083B83002DAA4D /* Main.storyboard */ = {
			isa = PBXVariantGroup;
			children = (
				7A73C9641C083B83002DAA4D /* Base */,
			);
			name = Main.storyboard;
			sourceTree = "<group>";
		};
		7A73C9681C083B83002DAA4D /* LaunchScreen.storyboard */ = {
			isa = PBXVariantGroup;
			children = (
				7A73C9691C083B83002DAA4D /* Base */,
			);
			name = LaunchScreen.storyboard;
			sourceTree = "<group>";
		};
/* End PBXVariantGroup section */

/* Begin XCBuildConfiguration section */
		7A73C96C1C083B83002DAA4D /* Debug */ = {
			isa = XCBuildConfiguration;
			buildSettings = {
				ALWAYS_SEARCH_USER_PATHS = NO;
				CLANG_CXX_LANGUAGE_STANDARD = "gnu++0x";
				CLANG_CXX_LIBRARY = "libc++";
				CLANG_ENABLE_MODULES = YES;
				CLANG_ENABLE_OBJC_ARC = YES;
				CLANG_WARN_BOOL_CONVERSION = YES;
				CLANG_WARN_CONSTANT_CONVERSION = YES;
				CLANG_WARN_DIRECT_OBJC_ISA_USAGE = YES_ERROR;
				CLANG_WARN_EMPTY_BODY = YES;
				CLANG_WARN_ENUM_CONVERSION = YES;
				CLANG_WARN_INT_CONVERSION = YES;
				CLANG_WARN_OBJC_ROOT_CLASS = YES_ERROR;
				CLANG_WARN_UNREACHABLE_CODE = YES;
				CLANG_WARN__DUPLICATE_METHOD_MATCH = YES;
				"CODE_SIGN_IDENTITY[sdk=iphoneos*]" = "iPhone Developer";
				COPY_PHASE_STRIP = NO;
				DEBUG_INFORMATION_FORMAT = dwarf;
				ENABLE_STRICT_OBJC_MSGSEND = YES;
				ENABLE_TESTABILITY = YES;
				GCC_C_LANGUAGE_STANDARD = gnu99;
				GCC_DYNAMIC_NO_PIC = NO;
				GCC_NO_COMMON_BLOCKS = YES;
				GCC_OPTIMIZATION_LEVEL = 0;
				GCC_PREPROCESSOR_DEFINITIONS = (
					"DEBUG=1",
					"$(inherited)",
				);
				GCC_WARN_64_TO_32_BIT_CONVERSION = YES;
				GCC_WARN_ABOUT_RETURN_TYPE = YES_ERROR;
				GCC_WARN_UNDECLARED_SELECTOR = YES;
				GCC_WARN_UNINITIALIZED_AUTOS = YES_AGGRESSIVE;
				GCC_WARN_UNUSED_FUNCTION = YES;
				GCC_WARN_UNUSED_VARIABLE = YES;
				IPHONEOS_DEPLOYMENT_TARGET = 9.1;
				MTL_ENABLE_DEBUG_INFO = YES;
				ONLY_ACTIVE_ARCH = YES;
				SDKROOT = iphoneos;
				TARGETED_DEVICE_FAMILY = "1,2";
			};
			name = Debug;
		};
		7A73C96D1C083B83002DAA4D /* Release */ = {
			isa = XCBuildConfiguration;
			buildSettings = {
				ALWAYS_SEARCH_USER_PATHS = NO;
				CLANG_CXX_LANGUAGE_STANDARD = "gnu++0x";
				CLANG_CXX_LIBRARY = "libc++";
				CLANG_ENABLE_MODULES = YES;
				CLANG_ENABLE_OBJC_ARC = YES;
				CLANG_WARN_BOOL_CONVERSION = YES;
				CLANG_WARN_CONSTANT_CONVERSION = YES;
				CLANG_WARN_DIRECT_OBJC_ISA_USAGE = YES_ERROR;
				CLANG_WARN_EMPTY_BODY = YES;
				CLANG_WARN_ENUM_CONVERSION = YES;
				CLANG_WARN_INT_CONVERSION = YES;
				CLANG_WARN_OBJC_ROOT_CLASS = YES_ERROR;
				CLANG_WARN_UNREACHABLE_CODE = YES;
				CLANG_WARN__DUPLICATE_METHOD_MATCH = YES;
				"CODE_SIGN_IDENTITY[sdk=iphoneos*]" = "iPhone Developer";
				COPY_PHASE_STRIP = NO;
				DEBUG_INFORMATION_FORMAT = "dwarf-with-dsym";
				ENABLE_NS_ASSERTIONS = NO;
				ENABLE_STRICT_OBJC_MSGSEND = YES;
				GCC_C_LANGUAGE_STANDARD = gnu99;
				GCC_NO_COMMON_BLOCKS = YES;
				GCC_WARN_64_TO_32_BIT_CONVERSION = YES;
				GCC_WARN_ABOUT_RETURN_TYPE = YES_ERROR;
				GCC_WARN_UNDECLARED_SELECTOR = YES;
				GCC_WARN_UNINITIALIZED_AUTOS = YES_AGGRESSIVE;
				GCC_WARN_UNUSED_FUNCTION = YES;
				GCC_WARN_UNUSED_VARIABLE = YES;
				IPHONEOS_DEPLOYMENT_TARGET = 9.1;
				MTL_ENABLE_DEBUG_INFO = NO;
				SDKROOT = iphoneos;
				TARGETED_DEVICE_FAMILY = "1,2";
				VALIDATE_PRODUCT = YES;
			};
			name = Release;
		};
		7A73C96F1C083B83002DAA4D /* Debug */ = {
			isa = XCBuildConfiguration;
			buildSettings = {
				ASSETCATALOG_COMPILER_APPICON_NAME = AppIcon;
				INFOPLIST_FILE = InstantCare/Info.plist;
				LD_RUNPATH_SEARCH_PATHS = "$(inherited) @executable_path/Frameworks";
				PRODUCT_BUNDLE_IDENTIFIER = com.omg.InstantCare;
				PRODUCT_NAME = "$(TARGET_NAME)";
			};
			name = Debug;
		};
		7A73C9701C083B83002DAA4D /* Release */ = {
			isa = XCBuildConfiguration;
			buildSettings = {
				ASSETCATALOG_COMPILER_APPICON_NAME = AppIcon;
				INFOPLIST_FILE = InstantCare/Info.plist;
				LD_RUNPATH_SEARCH_PATHS = "$(inherited) @executable_path/Frameworks";
				PRODUCT_BUNDLE_IDENTIFIER = com.omg.InstantCare;
				PRODUCT_NAME = "$(TARGET_NAME)";
			};
			name = Release;
		};
/* End XCBuildConfiguration section */

/* Begin XCConfigurationList section */
		7A73C9521C083B83002DAA4D /* Build configuration list for PBXProject "InstantCare" */ = {
			isa = XCConfigurationList;
			buildConfigurations = (
				7A73C96C1C083B83002DAA4D /* Debug */,
				7A73C96D1C083B83002DAA4D /* Release */,
			);
			defaultConfigurationIsVisible = 0;
			defaultConfigurationName = Release;
		};
		7A73C96E1C083B83002DAA4D /* Build configuration list for PBXNativeTarget "InstantCare" */ = {
			isa = XCConfigurationList;
			buildConfigurations = (
				7A73C96F1C083B83002DAA4D /* Debug */,
				7A73C9701C083B83002DAA4D /* Release */,
			);
			defaultConfigurationIsVisible = 0;
		};
/* End XCConfigurationList section */
	};
	rootObject = 7A73C94F1C083B83002DAA4D /* Project object */;
}
